
Microsoft Visual Studio Solution File, Format Version 12.00
# Visual Studio Version 17
VisualStudioVersion = 17.3.32922.545
MinimumVisualStudioVersion = 10.0.40219.1
Project("{FAE04EC0-301F-11D3-BF4B-00C04F79EFBC}") = "ConsoleApp1", "ConsoleApp1\ConsoleApp1.csproj", "{B7C60D18-316F-4AD5-89C4-9DC330AB4A52}"
EndProject
Project("{FAE04EC0-301F-11D3-BF4B-00C04F79EFBC}") = "ClassLibrary1", "ClassLibrary1\ClassLibrary1.csproj", "{D9D1E780-9E40-433B-A2D9-B4B7F3D174E2}"
EndProject
Global
	GlobalSection(SolutionConfigurationPlatforms) = preSolution
		Debug|Any CPU = Debug|Any CPU
		Release|Any CPU = Release|Any CPU
	EndGlobalSection
	GlobalSection(ProjectConfigurationPlatforms) = postSolution
		{B7C60D18-316F-4AD5-89C4-9DC330AB4A52}.Debug|Any CPU.ActiveCfg = Debug|Any CPU
		{B7C60D18-316F-4AD5-89C4-9DC330AB4A52}.Debug|Any CPU.Build.0 = Debug|Any CPU
		{B7C60D18-316F-4AD5-89C4-9DC330AB4A52}.Release|Any CPU.ActiveCfg = Release|Any CPU
		{B7C60D18-316F-4AD5-89C4-9DC330AB4A52}.Release|Any CPU.Build.0 = Release|Any CPU
		{D9D1E780-9E40-433B-A2D9-B4B7F3D174E2}.Debug|Any CPU.ActiveCfg = Debug|Any CPU
		{D9D1E780-9E40-433B-A2D9-B4B7F3D174E2}.Debug|Any CPU.Build.0 = Debug|Any CPU
		{D9D1E780-9E40-433B-A2D9-B4B7F3D174E2}.Release|Any CPU.ActiveCfg = Release|Any CPU
		{D9D1E780-9E40-433B-A2D9-B4B7F3D174E2}.Release|Any CPU.Build.0 = Release|Any CPU
	EndGlobalSection
	GlobalSection(SolutionProperties) = preSolution
		HideSolutionNode = FALSE
	EndGlobalSection
	GlobalSection(ExtensibilityGlobals) = postSolution
		SolutionGuid = {9B8C8D48-68DA-4FFB-B06F-97C495E37BCA}
	EndGlobalSection
EndGlobal
